
Microsoft Visual Studio Solution File, Format Version 12.00
Project("{FAE04EC0-301F-11D3-BF4B-00C04F79EFBC}") = "pdp_lab4", "pdp_lab4.csproj", "{C0E90219-4868-461C-8348-CCC6A6BD336D}"
EndProject
Global
	GlobalSection(SolutionConfigurationPlatforms) = preSolution
		Debug|Any CPU = Debug|Any CPU
		Release|Any CPU = Release|Any CPU
	EndGlobalSection
	GlobalSection(ProjectConfigurationPlatforms) = postSolution
		{C0E90219-4868-461C-8348-CCC6A6BD336D}.Debug|Any CPU.ActiveCfg = Debug|Any CPU
		{C0E90219-4868-461C-8348-CCC6A6BD336D}.Debug|Any CPU.Build.0 = Debug|Any CPU
		{C0E90219-4868-461C-8348-CCC6A6BD336D}.Release|Any CPU.ActiveCfg = Release|Any CPU
		{C0E90219-4868-461C-8348-CCC6A6BD336D}.Release|Any CPU.Build.0 = Release|Any CPU
	EndGlobalSection
EndGlobal
